<?xml version="1.0"?>
<CONFIG>
  <ProjectOptions>
    <Version Value="7"/>
    <General>
      <Flags>
        <LRSInOutputDirectory Value="False"/>
      </Flags>
      <MainUnit Value="0"/>
      <TargetFileExt Value=""/>
      <ActiveEditorIndexAtStart Value="1"/>
    </General>
    <VersionInfo>
      <ProjectVersion Value=""/>
      <Language Value=""/>
      <CharSet Value=""/>
    </VersionInfo>
    <PublishOptions>
      <Version Value="2"/>
      <IgnoreBinaries Value="False"/>
      <IncludeFileFilter Value="*.(pas|pp|inc|lfm|lpr|lrs|lpi|lpk|sh|xml)"/>
      <ExcludeFileFilter Value="*.(bak|ppu|ppw|o|so);*~;backup"/>
    </PublishOptions>
    <RunParams>
      <local>
        <FormatVersion Value="1"/>
        <LaunchingApplication PathPlusParams="/usr/X11R6/bin/xterm -T 'Lazarus Run Output' -e $(LazarusDir)/tools/runwait.sh $(TargetCmdLine)"/>
      </local>
    </RunParams>
    <RequiredPackages Count="2">
      <Item1>
        <PackageName Value="Pexpandpanels"/>
        <MinVersion Valid="True"/>
      </Item1>
      <Item2>
        <PackageName Value="LCL"/>
      </Item2>
    </RequiredPackages>
    <Units Count="22">
      <Unit0>
        <Filename Value="project1.lpr"/>
        <IsPartOfProject Value="True"/>
        <UnitName Value="project1"/>
        <UsageCount Value="29"/>
      </Unit0>
      <Unit1>
        <Filename Value="unit1.pas"/>
        <IsPartOfProject Value="True"/>
        <ComponentName Value="Form1"/>
        <ResourceBaseClass Value="Form"/>
        <UnitName Value="Unit1"/>
        <CursorPos X="26" Y="123"/>
        <TopLine Value="114"/>
        <EditorIndex Value="1"/>
        <UsageCount Value="29"/>
        <Loaded Value="True"/>
      </Unit1>
      <Unit2>
        <Filename Value="../../Komponenten/expandpanels/expandpanels.pas"/>
        <UnitName Value="ExpandPanels"/>
        <CursorPos X="38" Y="1368"/>
        <TopLine Value="1346"/>
        <EditorIndex Value="0"/>
        <UsageCount Value="14"/>
        <Loaded Value="True"/>
      </Unit2>
      <Unit3>
        <Filename Value="../../../../../../../home/alexander/meine-Installierten-Programme/lazarus/lcl/include/radiogroup.inc"/>
        <CursorPos X="1" Y="400"/>
        <TopLine Value="383"/>
        <UsageCount Value="10"/>
      </Unit3>
      <Unit4>
        <Filename Value="../../../../../../../home/alexander/Programme/lazarus/lcl/interfaces/gtk/gtkwidgetset.inc"/>
        <CursorPos X="1" Y="120"/>
        <TopLine Value="103"/>
        <UsageCount Value="10"/>
      </Unit4>
      <Unit5>
        <Filename Value="../../../../../../hdc5/back/Programme/lazarus/lcl/controls.pp"/>
        <UnitName Value="Controls"/>
        <CursorPos X="12" Y="199"/>
        <TopLine Value="185"/>
        <UsageCount Value="10"/>
      </Unit5>
      <Unit6>
        <Filename Value="../../../../../../hdc5/back/Programme/lazarus/ide/lazarus.pp"/>
        <UnitName Value="Lazarus"/>
        <CursorPos X="1" Y="122"/>
        <TopLine Value="90"/>
        <UsageCount Value="10"/>
      </Unit6>
      <Unit7>
        <Filename Value="../../../../../../hdc5/back/Programme/lazarus/examples/hello.pp"/>
        <UnitName Value="Hello_world"/>
        <CursorPos X="26" Y="21"/>
        <TopLine Value="1"/>
        <UsageCount Value="10"/>
      </Unit7>
      <Unit8>
        <Filename Value="../../../../../../../home/alexander/Programme/lazarus/ide/projectresources.pas"/>
        <UnitName Value="ProjectResources"/>
        <CursorPos X="21" Y="389"/>
        <TopLine Value="372"/>
        <UsageCount Value="10"/>
      </Unit8>
      <Unit9>
        <Filename Value="unit1.lfm"/>
        <CursorPos X="1" Y="1"/>
        <TopLine Value="1"/>
        <UsageCount Value="10"/>
        <SyntaxHighlighter Value="LFM"/>
      </Unit9>
      <Unit10>
        <Filename Value="../../../../../../../home/alexander/Programme/lazarus/examples/hello.pp"/>
        <UnitName Value="Hello_world"/>
        <CursorPos X="1" Y="31"/>
        <TopLine Value="1"/>
        <UsageCount Value="10"/>
      </Unit10>
      <Unit11>
        <Filename Value="../../../../../../../home/alexander/Programme/lazarus/components/opengl/glgtkglxcontext.pas"/>
        <UnitName Value="GLGtkGlxContext"/>
        <CursorPos X="56" Y="25"/>
        <TopLine Value="9"/>
        <UsageCount Value="10"/>
      </Unit11>
      <Unit12>
        <Filename Value="../../../../../../../home/alexander/Programme/lazarus/components/opengl/openglcontext.pas"/>
        <UnitName Value="OpenGLContext"/>
        <CursorPos X="4" Y="44"/>
        <TopLine Value="27"/>
        <UsageCount Value="10"/>
      </Unit12>
      <Unit13>
        <Filename Value="../../../../../../../home/alexander/Programme/lazarus/lcl/interfaces/qt/qt4.pas"/>
        <UnitName Value="qt4"/>
        <CursorPos X="32" Y="10095"/>
        <TopLine Value="10078"/>
        <UsageCount Value="10"/>
      </Unit13>
      <Unit14>
        <Filename Value="../../../../../../../home/alexander/Programme/lazarus/lcl/lresources.pp"/>
        <UnitName Value="LResources"/>
        <CursorPos X="1" Y="2872"/>
        <TopLine Value="2848"/>
        <UsageCount Value="10"/>
      </Unit14>
      <Unit15>
        <Filename Value="../../../../../../../home/alexander/Programme/lazarus/lcl/extctrls.pp"/>
        <UnitName Value="ExtCtrls"/>
        <CursorPos X="20" Y="1030"/>
        <TopLine Value="1006"/>
        <UsageCount Value="10"/>
      </Unit15>
      <Unit16>
        <Filename Value="../../../../../../../home/alexander/Programme/lazarus/lcl/controls.pp"/>
        <UnitName Value="Controls"/>
        <CursorPos X="15" Y="1196"/>
        <TopLine Value="1188"/>
        <UsageCount Value="10"/>
      </Unit16>
      <Unit17>
        <Filename Value="../../../../../../../home/alexander/Programme/lazarus/lcl/include/control.inc"/>
        <CursorPos X="1" Y="2146"/>
        <TopLine Value="2122"/>
        <UsageCount Value="10"/>
      </Unit17>
      <Unit18>
        <Filename Value="../../../../../../../home/alexander/Programme/lazarus/lcl/include/custompanel.inc"/>
        <CursorPos X="29" Y="30"/>
        <TopLine Value="27"/>
        <UsageCount Value="10"/>
      </Unit18>
      <Unit19>
        <Filename Value="../../../../../../../home/alexander/Programme/lazarus/lcl/include/customcontrol.inc"/>
        <CursorPos X="3" Y="30"/>
        <TopLine Value="21"/>
        <UsageCount Value="10"/>
      </Unit19>
      <Unit20>
        <Filename Value="../../../../../../../home/alexander/Programme/lazarus/lcl/include/wincontrol.inc"/>
        <CursorPos X="3" Y="5807"/>
        <TopLine Value="5798"/>
        <UsageCount Value="10"/>
      </Unit20>
      <Unit21>
        <Filename Value="../../../../../../../home/alexander/Programme/lazarus/lcl/lclclasses.pp"/>
        <UnitName Value="LCLClasses"/>
        <CursorPos X="3" Y="83"/>
        <TopLine Value="81"/>
        <UsageCount Value="10"/>
      </Unit21>
    </Units>
    <JumpHistory Count="15" HistoryIndex="14">
      <Position1>
        <Filename Value="../../Komponenten/expandpanels/expandpanels.pas"/>
        <Caret Line="986" Column="19" TopLine="972"/>
      </Position1>
      <Position2>
        <Filename Value="../../Komponenten/expandpanels/expandpanels.pas"/>
        <Caret Line="925" Column="17" TopLine="908"/>
      </Position2>
      <Position3>
        <Filename Value="unit1.pas"/>
        <Caret Line="55" Column="28" TopLine="41"/>
      </Position3>
      <Position4>
        <Filename Value="unit1.pas"/>
        <Caret Line="56" Column="29" TopLine="41"/>
      </Position4>
      <Position5>
        <Filename Value="unit1.pas"/>
        <Caret Line="55" Column="28" TopLine="41"/>
      </Position5>
      <Position6>
        <Filename Value="unit1.pas"/>
        <Caret Line="73" Column="5" TopLine="70"/>
      </Position6>
      <Position7>
        <Filename Value="unit1.pas"/>
        <Caret Line="121" Column="25" TopLine="108"/>
      </Position7>
      <Position8>
        <Filename Value="unit1.pas"/>
        <Caret Line="122" Column="1" TopLine="108"/>
      </Position8>
      <Position9>
        <Filename Value="unit1.pas"/>
        <Caret Line="74" Column="46" TopLine="73"/>
      </Position9>
      <Position10>
        <Filename Value="../../Komponenten/expandpanels/expandpanels.pas"/>
        <Caret Line="1425" Column="13" TopLine="1386"/>
      </Position10>
      <Position11>
        <Filename Value="../../Komponenten/expandpanels/expandpanels.pas"/>
        <Caret Line="1169" Column="9" TopLine="1152"/>
      </Position11>
      <Position12>
        <Filename Value="../../Komponenten/expandpanels/expandpanels.pas"/>
        <Caret Line="1369" Column="38" TopLine="1368"/>
      </Position12>
      <Position13>
        <Filename Value="../../Komponenten/expandpanels/expandpanels.pas"/>
        <Caret Line="1370" Column="29" TopLine="1346"/>
      </Position13>
      <Position14>
        <Filename Value="../../Komponenten/expandpanels/expandpanels.pas"/>
        <Caret Line="106" Column="31" TopLine="82"/>
      </Position14>
      <Position15>
        <Filename Value="../../Komponenten/expandpanels/expandpanels.pas"/>
        <Caret Line="1368" Column="38" TopLine="1344"/>
      </Position15>
    </JumpHistory>
  </ProjectOptions>
  <CompilerOptions>
    <Version Value="8"/>
    <Linking>
      <Options>
        <Win32>
          <GraphicApplication Value="True"/>
        </Win32>
      </Options>
    </Linking>
    <Other>
      <CompilerPath Value="$(CompPath)"/>
    </Other>
  </CompilerOptions>
</CONFIG>
