<?xml version="1.0"?>
<CONFIG>
  <ProjectOptions>
    <Version Value="9"/>
    <General>
      <MainUnit Value="0"/>
      <ResourceType Value="res"/>
      <UseXPManifest Value="True"/>
      <Icon Value="0"/>
      <ActiveWindowIndexAtStart Value="0"/>
    </General>
    <i18n>
      <EnableI18N LFM="False"/>
    </i18n>
    <VersionInfo>
      <StringTable ProductVersion=""/>
    </VersionInfo>
    <BuildModes Count="1" Active="Default">
      <Item1 Name="Default" Default="True"/>
    </BuildModes>
    <PublishOptions>
      <Version Value="2"/>
      <IncludeFileFilter Value="*.(pas|pp|inc|lfm|lpr|lrs|lpi|lpk|sh|xml)"/>
      <ExcludeFileFilter Value="*.(bak|ppu|o|so);*~;backup"/>
    </PublishOptions>
    <RunParams>
      <local>
        <FormatVersion Value="1"/>
        <LaunchingApplication PathPlusParams="/usr/bin/xterm -T 'Lazarus Run Output' -e $(LazarusDir)/tools/runwait.sh $(TargetCmdLine)"/>
      </local>
    </RunParams>
    <RequiredPackages Count="2">
      <Item1>
        <PackageName Value="Pexpandpanels"/>
        <MinVersion Major="1" Minor="98" Valid="True"/>
      </Item1>
      <Item2>
        <PackageName Value="LCL"/>
      </Item2>
    </RequiredPackages>
    <Units Count="3">
      <Unit0>
        <Filename Value="project1.lpr"/>
        <IsPartOfProject Value="True"/>
        <UnitName Value="project1"/>
        <UsageCount Value="20"/>
      </Unit0>
      <Unit1>
        <Filename Value="unit1.pas"/>
        <IsPartOfProject Value="True"/>
        <ComponentName Value="Form1"/>
        <ResourceBaseClass Value="Form"/>
        <UnitName Value="Unit1"/>
        <WindowIndex Value="0"/>
        <TopLine Value="1"/>
        <CursorPos X="19" Y="23"/>
        <UsageCount Value="20"/>
      </Unit1>
      <Unit2>
        <Filename Value="../expandpanels.pas"/>
        <UnitName Value="ExpandPanels"/>
        <IsVisibleTab Value="True"/>
        <EditorIndex Value="0"/>
        <WindowIndex Value="0"/>
        <TopLine Value="1229"/>
        <CursorPos X="31" Y="1253"/>
        <UsageCount Value="10"/>
        <Loaded Value="True"/>
      </Unit2>
    </Units>
    <JumpHistory Count="20" HistoryIndex="19">
      <Position1>
        <Filename Value="../expandpanels.pas"/>
        <Caret Line="131" Column="2" TopLine="101"/>
      </Position1>
      <Position2>
        <Filename Value="../expandpanels.pas"/>
        <Caret Line="133" Column="72" TopLine="101"/>
      </Position2>
      <Position3>
        <Filename Value="../expandpanels.pas"/>
        <Caret Line="94" Column="21" TopLine="67"/>
      </Position3>
      <Position4>
        <Filename Value="../expandpanels.pas"/>
        <Caret Line="119" Column="15" TopLine="93"/>
      </Position4>
      <Position5>
        <Filename Value="../expandpanels.pas"/>
        <Caret Line="858" Column="3" TopLine="851"/>
      </Position5>
      <Position6>
        <Filename Value="../expandpanels.pas"/>
        <Caret Line="94" Column="18" TopLine="80"/>
      </Position6>
      <Position7>
        <Filename Value="../expandpanels.pas"/>
        <Caret Line="856" Column="18" TopLine="830"/>
      </Position7>
      <Position8>
        <Filename Value="../expandpanels.pas"/>
        <Caret Line="858" Column="1" TopLine="856"/>
      </Position8>
      <Position9>
        <Filename Value="../expandpanels.pas"/>
        <Caret Line="93" Column="15" TopLine="67"/>
      </Position9>
      <Position10>
        <Filename Value="../expandpanels.pas"/>
        <Caret Line="113" Column="44" TopLine="81"/>
      </Position10>
      <Position11>
        <Filename Value="../expandpanels.pas"/>
        <Caret Line="902" Column="30" TopLine="881"/>
      </Position11>
      <Position12>
        <Filename Value="../expandpanels.pas"/>
        <Caret Line="907" Column="27" TopLine="881"/>
      </Position12>
      <Position13>
        <Filename Value="../expandpanels.pas"/>
        <Caret Line="898" Column="7" TopLine="881"/>
      </Position13>
      <Position14>
        <Filename Value="../expandpanels.pas"/>
        <Caret Line="899" Column="5" TopLine="881"/>
      </Position14>
      <Position15>
        <Filename Value="../expandpanels.pas"/>
        <Caret Line="902" Column="6" TopLine="881"/>
      </Position15>
      <Position16>
        <Filename Value="../expandpanels.pas"/>
        <Caret Line="911" Column="31" TopLine="881"/>
      </Position16>
      <Position17>
        <Filename Value="../expandpanels.pas"/>
        <Caret Line="914" Column="32" TopLine="881"/>
      </Position17>
      <Position18>
        <Filename Value="../expandpanels.pas"/>
        <Caret Line="992" Column="19" TopLine="955"/>
      </Position18>
      <Position19>
        <Filename Value="../expandpanels.pas"/>
        <Caret Line="95" Column="13" TopLine="67"/>
      </Position19>
      <Position20>
        <Filename Value="../expandpanels.pas"/>
        <Caret Line="1281" Column="8" TopLine="1243"/>
      </Position20>
    </JumpHistory>
  </ProjectOptions>
  <CompilerOptions>
    <Version Value="9"/>
    <Target>
      <Filename Value="project1"/>
    </Target>
    <SearchPaths>
      <IncludeFiles Value="$(ProjOutDir)"/>
      <UnitOutputDirectory Value="lib/$(TargetCPU)-$(TargetOS)"/>
    </SearchPaths>
    <Linking>
      <Options>
        <Win32>
          <GraphicApplication Value="True"/>
        </Win32>
      </Options>
    </Linking>
    <Other>
      <CompilerPath Value="$(CompPath)"/>
    </Other>
  </CompilerOptions>
  <Debugging>
    <Exceptions Count="3">
      <Item1>
        <Name Value="EAbort"/>
      </Item1>
      <Item2>
        <Name Value="ECodetoolError"/>
      </Item2>
      <Item3>
        <Name Value="EFOpenError"/>
      </Item3>
    </Exceptions>
  </Debugging>
</CONFIG>
