<?xml version="1.0"?>
<CONFIG>
  <ProjectOptions>
    <Version Value="9"/>
    <General>
      <MainUnit Value="0"/>
      <ResourceType Value="res"/>
      <UseXPManifest Value="True"/>
      <Icon Value="0"/>
      <ActiveWindowIndexAtStart Value="0"/>
    </General>
    <i18n>
      <EnableI18N LFM="False"/>
    </i18n>
    <VersionInfo>
      <StringTable ProductVersion=""/>
    </VersionInfo>
    <BuildModes Count="1" Active="Default">
      <Item1 Name="Default" Default="True"/>
    </BuildModes>
    <PublishOptions>
      <Version Value="2"/>
      <IncludeFileFilter Value="*.(pas|pp|inc|lfm|lpr|lrs|lpi|lpk|sh|xml)"/>
      <ExcludeFileFilter Value="*.(bak|ppu|o|so);*~;backup"/>
    </PublishOptions>
    <RunParams>
      <local>
        <FormatVersion Value="1"/>
        <LaunchingApplication PathPlusParams="/usr/bin/xterm -T 'Lazarus Run Output' -e $(LazarusDir)/tools/runwait.sh $(TargetCmdLine)"/>
      </local>
    </RunParams>
    <RequiredPackages Count="2">
      <Item1>
        <PackageName Value="Pexpandpanels"/>
        <MinVersion Major="1" Minor="98" Valid="True"/>
      </Item1>
      <Item2>
        <PackageName Value="LCL"/>
      </Item2>
    </RequiredPackages>
    <Units Count="7">
      <Unit0>
        <Filename Value="project1.lpr"/>
        <IsPartOfProject Value="True"/>
        <UnitName Value="project1"/>
        <WindowIndex Value="0"/>
        <TopLine Value="1"/>
        <CursorPos X="21" Y="9"/>
        <UsageCount Value="22"/>
      </Unit0>
      <Unit1>
        <Filename Value="unit1.pas"/>
        <IsPartOfProject Value="True"/>
        <ComponentName Value="Form1"/>
        <ResourceBaseClass Value="Form"/>
        <UnitName Value="Unit1"/>
        <EditorIndex Value="0"/>
        <WindowIndex Value="0"/>
        <TopLine Value="1"/>
        <CursorPos X="40" Y="12"/>
        <UsageCount Value="22"/>
        <Loaded Value="True"/>
        <LoadedDesigner Value="True"/>
      </Unit1>
      <Unit2>
        <Filename Value="../expandpanels.pas"/>
        <UnitName Value="ExpandPanels"/>
        <IsVisibleTab Value="True"/>
        <EditorIndex Value="1"/>
        <WindowIndex Value="0"/>
        <TopLine Value="5"/>
        <CursorPos X="1" Y="35"/>
        <UsageCount Value="10"/>
        <Loaded Value="True"/>
      </Unit2>
      <Unit3>
        <Filename Value="../../../../../../LinuxPrograms/lazarus/lcl/forms.pp"/>
        <UnitName Value="Forms"/>
        <WindowIndex Value="0"/>
        <TopLine Value="1"/>
        <CursorPos X="12" Y="37"/>
        <UsageCount Value="10"/>
      </Unit3>
      <Unit4>
        <Filename Value="../../../../../../LinuxPrograms/lazarus/lcl/include/control.inc"/>
        <WindowIndex Value="0"/>
        <TopLine Value="3163"/>
        <CursorPos X="1" Y="3193"/>
        <UsageCount Value="10"/>
      </Unit4>
      <Unit5>
        <Filename Value="../../../../../../LinuxPrograms/lazarus/lcl/lresources.pp"/>
        <UnitName Value="LResources"/>
        <WindowIndex Value="0"/>
        <TopLine Value="741"/>
        <CursorPos X="1" Y="767"/>
        <UsageCount Value="10"/>
      </Unit5>
      <Unit6>
        <Filename Value="../../../../../../LinuxPrograms/lazarus/lcl/include/customform.inc"/>
        <WindowIndex Value="0"/>
        <TopLine Value="1864"/>
        <CursorPos X="35" Y="1871"/>
        <UsageCount Value="10"/>
      </Unit6>
    </Units>
    <JumpHistory Count="26" HistoryIndex="24">
      <Position1>
        <Filename Value="../expandpanels.pas"/>
        <Caret Line="35" Column="3" TopLine="17"/>
      </Position1>
      <Position2>
        <Filename Value="../expandpanels.pas"/>
        <Caret Line="37" Column="48" TopLine="9"/>
      </Position2>
      <Position3>
        <Filename Value="../expandpanels.pas"/>
        <Caret Line="1025" Column="21" TopLine="1014"/>
      </Position3>
      <Position4>
        <Filename Value="../expandpanels.pas"/>
        <Caret Line="136" Column="69" TopLine="110"/>
      </Position4>
      <Position5>
        <Filename Value="../expandpanels.pas"/>
        <Caret Line="1037" Column="12" TopLine="1031"/>
      </Position5>
      <Position6>
        <Filename Value="../expandpanels.pas"/>
        <Caret Line="1231" Column="3" TopLine="1218"/>
      </Position6>
      <Position7>
        <Filename Value="../expandpanels.pas"/>
        <Caret Line="857" Column="1" TopLine="855"/>
      </Position7>
      <Position8>
        <Filename Value="../expandpanels.pas"/>
        <Caret Line="862" Column="1" TopLine="854"/>
      </Position8>
      <Position9>
        <Filename Value="../expandpanels.pas"/>
        <Caret Line="870" Column="1" TopLine="854"/>
      </Position9>
      <Position10>
        <Filename Value="../expandpanels.pas"/>
        <Caret Line="1108" Column="1" TopLine="1082"/>
      </Position10>
      <Position11>
        <Filename Value="../expandpanels.pas"/>
        <Caret Line="862" Column="1" TopLine="836"/>
      </Position11>
      <Position12>
        <Filename Value="../expandpanels.pas"/>
        <Caret Line="866" Column="1" TopLine="836"/>
      </Position12>
      <Position13>
        <Filename Value="../expandpanels.pas"/>
        <Caret Line="869" Column="1" TopLine="836"/>
      </Position13>
      <Position14>
        <Filename Value="../expandpanels.pas"/>
        <Caret Line="870" Column="1" TopLine="836"/>
      </Position14>
      <Position15>
        <Filename Value="../expandpanels.pas"/>
        <Caret Line="1298" Column="12" TopLine="1283"/>
      </Position15>
      <Position16>
        <Filename Value="../expandpanels.pas"/>
        <Caret Line="1047" Column="70" TopLine="1043"/>
      </Position16>
      <Position17>
        <Filename Value="../expandpanels.pas"/>
        <Caret Line="866" Column="8" TopLine="841"/>
      </Position17>
      <Position18>
        <Filename Value="../expandpanels.pas"/>
        <Caret Line="855" Column="40" TopLine="841"/>
      </Position18>
      <Position19>
        <Filename Value="../expandpanels.pas"/>
        <Caret Line="867" Column="10" TopLine="855"/>
      </Position19>
      <Position20>
        <Filename Value="../expandpanels.pas"/>
        <Caret Line="1256" Column="40" TopLine="1222"/>
      </Position20>
      <Position21>
        <Filename Value="../expandpanels.pas"/>
        <Caret Line="867" Column="10" TopLine="855"/>
      </Position21>
      <Position22>
        <Filename Value="../expandpanels.pas"/>
        <Caret Line="1220" Column="32" TopLine="1212"/>
      </Position22>
      <Position23>
        <Filename Value="../expandpanels.pas"/>
        <Caret Line="869" Column="8" TopLine="855"/>
      </Position23>
      <Position24>
        <Filename Value="../expandpanels.pas"/>
        <Caret Line="1220" Column="33" TopLine="1206"/>
      </Position24>
      <Position25>
        <Filename Value="../expandpanels.pas"/>
        <Caret Line="1166" Column="8" TopLine="1163"/>
      </Position25>
      <Position26>
        <Filename Value="../expandpanels.pas"/>
        <Caret Line="857" Column="1" TopLine="855"/>
      </Position26>
    </JumpHistory>
  </ProjectOptions>
  <CompilerOptions>
    <Version Value="9"/>
    <Target>
      <Filename Value="project1"/>
    </Target>
    <SearchPaths>
      <IncludeFiles Value="$(ProjOutDir)"/>
      <UnitOutputDirectory Value="lib/$(TargetCPU)-$(TargetOS)"/>
    </SearchPaths>
    <Linking>
      <Options>
        <Win32>
          <GraphicApplication Value="True"/>
        </Win32>
      </Options>
    </Linking>
    <Other>
      <CompilerPath Value="$(CompPath)"/>
    </Other>
  </CompilerOptions>
  <Debugging>
    <Exceptions Count="3">
      <Item1>
        <Name Value="EAbort"/>
      </Item1>
      <Item2>
        <Name Value="ECodetoolError"/>
      </Item2>
      <Item3>
        <Name Value="EFOpenError"/>
      </Item3>
    </Exceptions>
  </Debugging>
</CONFIG>
