<?xml version="1.0" encoding="UTF-8"?>
<CONFIG>
  <ProjectOptions>
    <Version Value="9"/>
    <General>
      <MainUnit Value="0"/>
      <UseXPManifest Value="True"/>
    </General>
    <VersionInfo>
      <Language Value=""/>
      <CharSet Value=""/>
      <StringTable ProductVersion=""/>
    </VersionInfo>
    <BuildModes Count="1">
      <Item1 Name="default" Default="True"/>
    </BuildModes>
    <PublishOptions>
      <Version Value="2"/>
      <IgnoreBinaries Value="False"/>
      <IncludeFileFilter Value="*.(pas|pp|inc|lfm|lpr|lrs|lpi|lpk|sh|xml)"/>
      <ExcludeFileFilter Value="*.(bak|ppu|ppw|o|so);*~;backup"/>
    </PublishOptions>
    <RunParams>
      <local>
        <FormatVersion Value="1"/>
        <LaunchingApplication PathPlusParams="/usr/X11R6/bin/xterm -T 'Lazarus Run Output' -e $(LazarusDir)/tools/runwait.sh $(TargetCmdLine)"/>
      </local>
    </RunParams>
    <RequiredPackages Count="2">
      <Item1>
        <PackageName Value="Pexpandpanels"/>
        <MinVersion Major="1" Minor="98" Valid="True"/>
      </Item1>
      <Item2>
        <PackageName Value="LCL"/>
      </Item2>
    </RequiredPackages>
    <Units Count="41">
      <Unit0>
        <Filename Value="project1.lpr"/>
        <IsPartOfProject Value="True"/>
        <EditorIndex Value="-1"/>
        <CursorPos Y="18"/>
        <UsageCount Value="56"/>
      </Unit0>
      <Unit1>
        <Filename Value="unit1.pas"/>
        <IsPartOfProject Value="True"/>
        <ComponentName Value="Form1"/>
        <HasResources Value="True"/>
        <ResourceBaseClass Value="Form"/>
        <UnitName Value="Unit1"/>
        <EditorIndex Value="1"/>
        <TopLine Value="92"/>
        <CursorPos X="13" Y="92"/>
        <UsageCount Value="56"/>
        <Loaded Value="True"/>
        <LoadedDesigner Value="True"/>
      </Unit1>
      <Unit2>
        <Filename Value="../expandpanels.pas"/>
        <IsPartOfProject Value="True"/>
        <UnitName Value="ExpandPanels"/>
        <TopLine Value="1187"/>
        <CursorPos X="35" Y="1196"/>
        <UsageCount Value="56"/>
        <Loaded Value="True"/>
      </Unit2>
      <Unit3>
        <Filename Value="/LinuxPrograms/lazarus/lcl/controls.pp"/>
        <UnitName Value="Controls"/>
        <TopLine Value="96"/>
        <CursorPos X="31" Y="119"/>
        <UsageCount Value="9"/>
      </Unit3>
      <Unit4>
        <Filename Value="/usr/share/fpcsrc/2.4.0/rtl/objpas/classes/classesh.inc"/>
        <TopLine Value="1765"/>
        <CursorPos X="10" Y="1788"/>
        <UsageCount Value="9"/>
      </Unit4>
      <Unit5>
        <Filename Value="/LinuxPrograms/lazarus/lcl/extctrls.pp"/>
        <UnitName Value="ExtCtrls"/>
        <TopLine Value="38"/>
        <CursorPos X="35" Y="38"/>
        <UsageCount Value="9"/>
      </Unit5>
      <Unit6>
        <Filename Value="/LinuxPrograms/lazarus/lcl/lclclasses.pp"/>
        <UnitName Value="LCLClasses"/>
        <TopLine Value="15"/>
        <CursorPos X="3" Y="38"/>
        <UsageCount Value="9"/>
      </Unit6>
      <Unit7>
        <Filename Value="/LinuxPrograms/lazarus/lcl/calendar.pp"/>
        <UnitName Value="Calendar"/>
        <TopLine Value="90"/>
        <CursorPos X="17" Y="113"/>
        <UsageCount Value="9"/>
      </Unit7>
      <Unit8>
        <Filename Value="/LinuxPrograms/lazarus/lcl/include/control.inc"/>
        <TopLine Value="30"/>
        <CursorPos X="24" Y="61"/>
        <UsageCount Value="9"/>
      </Unit8>
      <Unit9>
        <Filename Value="/LinuxPrograms/lazarus/lcl/lclproc.pas"/>
        <UnitName Value="LCLProc"/>
        <TopLine Value="1520"/>
        <CursorPos X="56" Y="1549"/>
        <UsageCount Value="9"/>
      </Unit9>
      <Unit10>
        <Filename Value="../pexpandpanels.pas"/>
        <UnitName Value="Pexpandpanels"/>
        <EditorIndex Value="-1"/>
        <CursorPos X="15" Y="19"/>
        <UsageCount Value="9"/>
      </Unit10>
      <Unit11>
        <Filename Value="../icons.lrs"/>
        <EditorIndex Value="-1"/>
        <CursorPos X="17"/>
        <UsageCount Value="9"/>
      </Unit11>
      <Unit12>
        <Filename Value="../../../Projects/test/effects_panel/effects_panel_main.pas"/>
        <ComponentName Value="Form1"/>
        <HasResources Value="True"/>
        <ResourceBaseClass Value="Form"/>
        <EditorIndex Value="-1"/>
        <CursorPos X="11" Y="7"/>
        <UsageCount Value="9"/>
      </Unit12>
      <Unit13>
        <Filename Value="effects_panel/effects_panel_main.pas"/>
        <ComponentName Value="Form1"/>
        <HasResources Value="True"/>
        <ResourceBaseClass Value="Form"/>
        <EditorIndex Value="-1"/>
        <TopLine Value="93"/>
        <CursorPos Y="96"/>
        <UsageCount Value="9"/>
      </Unit13>
      <Unit14>
        <Filename Value="../expandpanels_o.pas"/>
        <UnitName Value="ExpandPanels"/>
        <EditorIndex Value="-1"/>
        <TopLine Value="2008"/>
        <CursorPos Y="2025"/>
        <UsageCount Value="10"/>
      </Unit14>
      <Unit15>
        <Filename Value="../../../../../Development/FreePascal/lazarus/lcl/extctrls.pp"/>
        <UnitName Value="ExtCtrls"/>
        <EditorIndex Value="-1"/>
        <TopLine Value="1004"/>
        <CursorPos X="17" Y="1020"/>
        <UsageCount Value="21"/>
      </Unit15>
      <Unit16>
        <Filename Value="../../../../../Development/FreePascal/lazarus/lcl/controls.pp"/>
        <UnitName Value="Controls"/>
        <EditorIndex Value="-1"/>
        <TopLine Value="1356"/>
        <CursorPos X="34" Y="1367"/>
        <UsageCount Value="20"/>
      </Unit16>
      <Unit17>
        <Filename Value="../../../../../Development/FreePascal/lazarus/lcl/include/wincontrol.inc"/>
        <EditorIndex Value="-1"/>
        <TopLine Value="7744"/>
        <CursorPos X="3" Y="7689"/>
        <UsageCount Value="9"/>
      </Unit17>
      <Unit18>
        <Filename Value="../to-do.txt"/>
        <IsVisibleTab Value="True"/>
        <EditorIndex Value="3"/>
        <CursorPos X="90" Y="6"/>
        <UsageCount Value="23"/>
        <Loaded Value="True"/>
        <DefaultSyntaxHighlighter Value="None"/>
      </Unit18>
      <Unit19>
        <Filename Value="../changelog.txt"/>
        <IsPartOfProject Value="True"/>
        <EditorIndex Value="2"/>
        <CursorPos X="99" Y="9"/>
        <UsageCount Value="46"/>
        <Loaded Value="True"/>
        <DefaultSyntaxHighlighter Value="None"/>
      </Unit19>
      <Unit20>
        <Filename Value="../expandpanels_subpanel.pas"/>
        <UnitName Value="ExpandPanels"/>
        <EditorIndex Value="-1"/>
        <TopLine Value="22"/>
        <CursorPos Y="34"/>
        <UsageCount Value="9"/>
      </Unit20>
      <Unit21>
        <Filename Value="../_subpanel/expandpanels_subpanel.pas"/>
        <UnitName Value="ExpandPanels"/>
        <EditorIndex Value="-1"/>
        <TopLine Value="2623"/>
        <CursorPos X="3" Y="2625"/>
        <UsageCount Value="11"/>
      </Unit21>
      <Unit22>
        <Filename Value="../../../../../Development/FreePascal/lazarus/lcl/include/custompanel.inc"/>
        <EditorIndex Value="-1"/>
        <TopLine Value="89"/>
        <CursorPos X="3" Y="94"/>
        <UsageCount Value="20"/>
      </Unit22>
      <Unit23>
        <Filename Value="../../../../../Development/FreePascal/lazarus/lcl/graphics.pp"/>
        <UnitName Value="Graphics"/>
        <EditorIndex Value="-1"/>
        <TopLine Value="816"/>
        <CursorPos X="14" Y="828"/>
        <UsageCount Value="9"/>
      </Unit23>
      <Unit24>
        <Filename Value="../../../../../Development/FreePascal/lazarus/lcl/include/canvas.inc"/>
        <EditorIndex Value="-1"/>
        <TopLine Value="1034"/>
        <CursorPos X="15" Y="1045"/>
        <UsageCount Value="9"/>
      </Unit24>
      <Unit25>
        <Filename Value="../../../../../Development/FreePascal/lazarus/lcl/include/lclintfh.inc"/>
        <EditorIndex Value="-1"/>
        <TopLine Value="56"/>
        <CursorPos X="10" Y="67"/>
        <UsageCount Value="9"/>
      </Unit25>
      <Unit26>
        <Filename Value="../../../../../Development/FreePascal/lazarus/lcl/include/intfbaselcl.inc"/>
        <EditorIndex Value="-1"/>
        <TopLine Value="341"/>
        <CursorPos X="3" Y="344"/>
        <UsageCount Value="9"/>
      </Unit26>
      <Unit27>
        <Filename Value="unit1_onepanel.pas"/>
        <ComponentName Value="Form1"/>
        <HasResources Value="True"/>
        <ResourceBaseClass Value="Form"/>
        <EditorIndex Value="-1"/>
        <TopLine Value="120"/>
        <CursorPos Y="124"/>
        <UsageCount Value="10"/>
      </Unit27>
      <Unit28>
        <Filename Value="../../../../../Development/FreePascal/lazarus/lcl/buttons.pp"/>
        <UnitName Value="Buttons"/>
        <EditorIndex Value="-1"/>
        <TopLine Value="299"/>
        <CursorPos X="23" Y="308"/>
        <UsageCount Value="20"/>
      </Unit28>
      <Unit29>
        <Filename Value="../../../../../Development/FreePascal/lazarus/lcl/include/rasterimage.inc"/>
        <EditorIndex Value="-1"/>
        <TopLine Value="813"/>
        <CursorPos Y="829"/>
        <UsageCount Value="15"/>
      </Unit29>
      <Unit30>
        <Filename Value="../../../../../Development/FreePascal/lazarus/lcl/include/sharedcustombitmap.inc"/>
        <EditorIndex Value="-1"/>
        <TopLine Value="76"/>
        <CursorPos Y="94"/>
        <UsageCount Value="9"/>
      </Unit30>
      <Unit31>
        <Filename Value="../../../../../Development/FreePascal/lazarus/lcl/include/sharedrasterimage.inc"/>
        <EditorIndex Value="-1"/>
        <TopLine Value="29"/>
        <CursorPos Y="49"/>
        <UsageCount Value="9"/>
      </Unit31>
      <Unit32>
        <Filename Value="../../../../../Development/FreePascal/lazarus/lcl/include/radiogroup.inc"/>
        <EditorIndex Value="-1"/>
        <TopLine Value="429"/>
        <CursorPos Y="442"/>
        <UsageCount Value="9"/>
      </Unit32>
      <Unit33>
        <Filename Value="../expandpanels_glyphs.lrs"/>
        <EditorIndex Value="-1"/>
        <UsageCount Value="9"/>
      </Unit33>
      <Unit34>
        <Filename Value="../../../../../Development/FreePascal/lazarus/lcl/include/speedbutton.inc"/>
        <EditorIndex Value="-1"/>
        <TopLine Value="740"/>
        <CursorPos X="3" Y="742"/>
        <UsageCount Value="15"/>
      </Unit34>
      <Unit35>
        <Filename Value="../../../../../Development/FreePascal/fpc/rtl/objpas/math.pp"/>
        <EditorIndex Value="-1"/>
        <TopLine Value="122"/>
        <CursorPos X="10" Y="183"/>
        <UsageCount Value="11"/>
      </Unit35>
      <Unit36>
        <Filename Value="../../../../../Development/FreePascal/fpc/rtl/unix/sysutils.pp"/>
        <EditorIndex Value="-1"/>
        <UsageCount Value="10"/>
      </Unit36>
      <Unit37>
        <Filename Value="../../../../../Development/FreePascal/fpc/rtl/inc/systemh.inc"/>
        <EditorIndex Value="-1"/>
        <TopLine Value="814"/>
        <CursorPos X="10" Y="826"/>
        <UsageCount Value="10"/>
      </Unit37>
      <Unit38>
        <Filename Value="../../../../../Development/FreePascal/fpc/rtl/inc/variant.inc"/>
        <EditorIndex Value="-1"/>
        <TopLine Value="597"/>
        <CursorPos X="10" Y="608"/>
        <UsageCount Value="10"/>
      </Unit38>
      <Unit39>
        <Filename Value="../../../../../Development/FreePascal/fpc/rtl/objpas/classes/classesh.inc"/>
        <EditorIndex Value="-1"/>
        <TopLine Value="722"/>
        <CursorPos X="19" Y="738"/>
        <UsageCount Value="11"/>
      </Unit39>
      <Unit40>
        <Filename Value="../../../../../Development/FreePascal/fpc/rtl/objpas/classes/stringl.inc"/>
        <EditorIndex Value="-1"/>
        <TopLine Value="1034"/>
        <CursorPos X="3" Y="1015"/>
        <UsageCount Value="10"/>
      </Unit40>
    </Units>
    <JumpHistory Count="26" HistoryIndex="24">
      <Position1>
        <Filename Value="../expandpanels.pas"/>
        <Caret Line="1228" TopLine="1217"/>
      </Position1>
      <Position2>
        <Filename Value="../expandpanels.pas"/>
        <Caret Line="1229" TopLine="1217"/>
      </Position2>
      <Position3>
        <Filename Value="../expandpanels.pas"/>
        <Caret Line="1231" TopLine="1217"/>
      </Position3>
      <Position4>
        <Filename Value="../expandpanels.pas"/>
        <Caret Line="1129" TopLine="1118"/>
      </Position4>
      <Position5>
        <Filename Value="../expandpanels.pas"/>
        <Caret Line="1130" TopLine="1118"/>
      </Position5>
      <Position6>
        <Filename Value="../expandpanels.pas"/>
        <Caret Line="1137" TopLine="1125"/>
      </Position6>
      <Position7>
        <Filename Value="../expandpanels.pas"/>
        <Caret Line="1138" TopLine="1125"/>
      </Position7>
      <Position8>
        <Filename Value="../expandpanels.pas"/>
        <Caret Line="1139" TopLine="1125"/>
      </Position8>
      <Position9>
        <Filename Value="../expandpanels.pas"/>
        <Caret Line="1140" TopLine="1125"/>
      </Position9>
      <Position10>
        <Filename Value="../expandpanels.pas"/>
        <Caret Line="1154" TopLine="1135"/>
      </Position10>
      <Position11>
        <Filename Value="../expandpanels.pas"/>
        <Caret Line="1234" TopLine="1224"/>
      </Position11>
      <Position12>
        <Filename Value="../expandpanels.pas"/>
        <Caret Line="1229" Column="29" TopLine="1224"/>
      </Position12>
      <Position13>
        <Filename Value="../expandpanels.pas"/>
        <Caret Line="1205" Column="5" TopLine="1195"/>
      </Position13>
      <Position14>
        <Filename Value="../expandpanels.pas"/>
        <Caret Line="1208" TopLine="1195"/>
      </Position14>
      <Position15>
        <Filename Value="../expandpanels.pas"/>
        <Caret Line="1210" TopLine="1195"/>
      </Position15>
      <Position16>
        <Filename Value="../expandpanels.pas"/>
        <Caret Line="1211" TopLine="1195"/>
      </Position16>
      <Position17>
        <Filename Value="../expandpanels.pas"/>
        <Caret Line="1219" TopLine="1209"/>
      </Position17>
      <Position18>
        <Filename Value="../expandpanels.pas"/>
        <Caret Line="1221" TopLine="1209"/>
      </Position18>
      <Position19>
        <Filename Value="../expandpanels.pas"/>
        <Caret Line="1222" TopLine="1209"/>
      </Position19>
      <Position20>
        <Filename Value="../expandpanels.pas"/>
        <Caret Line="1224" TopLine="1209"/>
      </Position20>
      <Position21>
        <Filename Value="../expandpanels.pas"/>
        <Caret Line="1228" TopLine="1211"/>
      </Position21>
      <Position22>
        <Filename Value="../expandpanels.pas"/>
        <Caret Line="1229" TopLine="1212"/>
      </Position22>
      <Position23>
        <Filename Value="../expandpanels.pas"/>
        <Caret Line="1230" TopLine="1213"/>
      </Position23>
      <Position24>
        <Filename Value="../expandpanels.pas"/>
        <Caret Line="1232" TopLine="1215"/>
      </Position24>
      <Position25>
        <Filename Value="../expandpanels.pas"/>
        <Caret Line="1235" TopLine="1218"/>
      </Position25>
      <Position26>
        <Filename Value="../expandpanels.pas"/>
        <Caret Line="31" Column="3" TopLine="16"/>
      </Position26>
    </JumpHistory>
  </ProjectOptions>
  <CompilerOptions>
    <Version Value="11"/>
    <SearchPaths>
      <IncludeFiles Value="$(ProjOutDir)"/>
      <OtherUnitFiles Value="/media/bigone/Daten/Programmieren/meine/Komponenten/expandpanels/"/>
    </SearchPaths>
    <Parsing>
      <SyntaxOptions>
        <UseAnsiStrings Value="False"/>
      </SyntaxOptions>
    </Parsing>
    <Linking>
      <Options>
        <Win32>
          <GraphicApplication Value="True"/>
        </Win32>
      </Options>
    </Linking>
  </CompilerOptions>
  <Debugging>
    <BreakPoints Count="5">
      <Item1>
        <Kind Value="bpkSource"/>
        <WatchScope Value="wpsLocal"/>
        <WatchKind Value="wpkWrite"/>
        <Source Value="../expandpanels.pas"/>
        <Line Value="3246"/>
      </Item1>
      <Item2>
        <Kind Value="bpkSource"/>
        <WatchScope Value="wpsLocal"/>
        <WatchKind Value="wpkWrite"/>
        <Source Value="../expandpanels.pas"/>
        <Line Value="3263"/>
      </Item2>
      <Item3>
        <Kind Value="bpkSource"/>
        <WatchScope Value="wpsLocal"/>
        <WatchKind Value="wpkWrite"/>
        <Source Value="../expandpanels.pas"/>
        <Line Value="2848"/>
      </Item3>
      <Item4>
        <Kind Value="bpkSource"/>
        <WatchScope Value="wpsLocal"/>
        <WatchKind Value="wpkWrite"/>
        <Source Value="../expandpanels.pas"/>
        <Line Value="3267"/>
      </Item4>
      <Item5>
        <Kind Value="bpkSource"/>
        <WatchScope Value="wpsLocal"/>
        <WatchKind Value="wpkWrite"/>
        <Source Value="../expandpanels.pas"/>
        <Line Value="2857"/>
      </Item5>
    </BreakPoints>
    <Exceptions Count="3">
      <Item1>
        <Name Value="EAbort"/>
      </Item1>
      <Item2>
        <Name Value="ECodetoolError"/>
      </Item2>
      <Item3>
        <Name Value="EFOpenError"/>
      </Item3>
    </Exceptions>
  </Debugging>
</CONFIG>
